
Microsoft Visual Studio Solution File, Format Version 12.00
# Visual Studio Version 17
VisualStudioVersion = 17.14.36221.1 d17.14
MinimumVisualStudioVersion = 10.0.40219.1
Project("{FAE04EC0-301F-11D3-BF4B-00C04F79EFBC}") = "WinFormsTest", "WinFormsTest\WinFormsTest.csproj", "{479D5D8A-FAB2-4858-8D21-9FC0A09076BB}"
EndProject
Project("{FAE04EC0-301F-11D3-BF4B-00C04F79EFBC}") = "Core", "Core\Core.csproj", "{6CFB8693-7151-488A-978E-ACF043A7C32A}"
EndProject
Project("{FAE04EC0-301F-11D3-BF4B-00C04F79EFBC}") = "Application", "Application\Application.csproj", "{FD5A9A53-F3D3-44F7-8BC1-F1F4D9D7A6F4}"
EndProject
Project("{FAE04EC0-301F-11D3-BF4B-00C04F79EFBC}") = "Persistence", "Persistence\Persistence.csproj", "{64B7DCE7-4227-4A0A-851D-E5C101D37CF9}"
EndProject
Global
	GlobalSection(SolutionConfigurationPlatforms) = preSolution
		Debug|Any CPU = Debug|Any CPU
		Release|Any CPU = Release|Any CPU
	EndGlobalSection
	GlobalSection(ProjectConfigurationPlatforms) = postSolution
		{479D5D8A-FAB2-4858-8D21-9FC0A09076BB}.Debug|Any CPU.ActiveCfg = Debug|Any CPU
		{479D5D8A-FAB2-4858-8D21-9FC0A09076BB}.Debug|Any CPU.Build.0 = Debug|Any CPU
		{479D5D8A-FAB2-4858-8D21-9FC0A09076BB}.Release|Any CPU.ActiveCfg = Release|Any CPU
		{479D5D8A-FAB2-4858-8D21-9FC0A09076BB}.Release|Any CPU.Build.0 = Release|Any CPU
		{6CFB8693-7151-488A-978E-ACF043A7C32A}.Debug|Any CPU.ActiveCfg = Debug|Any CPU
		{6CFB8693-7151-488A-978E-ACF043A7C32A}.Debug|Any CPU.Build.0 = Debug|Any CPU
		{6CFB8693-7151-488A-978E-ACF043A7C32A}.Release|Any CPU.ActiveCfg = Release|Any CPU
		{6CFB8693-7151-488A-978E-ACF043A7C32A}.Release|Any CPU.Build.0 = Release|Any CPU
		{FD5A9A53-F3D3-44F7-8BC1-F1F4D9D7A6F4}.Debug|Any CPU.ActiveCfg = Debug|Any CPU
		{FD5A9A53-F3D3-44F7-8BC1-F1F4D9D7A6F4}.Debug|Any CPU.Build.0 = Debug|Any CPU
		{FD5A9A53-F3D3-44F7-8BC1-F1F4D9D7A6F4}.Release|Any CPU.ActiveCfg = Release|Any CPU
		{FD5A9A53-F3D3-44F7-8BC1-F1F4D9D7A6F4}.Release|Any CPU.Build.0 = Release|Any CPU
		{64B7DCE7-4227-4A0A-851D-E5C101D37CF9}.Debug|Any CPU.ActiveCfg = Debug|Any CPU
		{64B7DCE7-4227-4A0A-851D-E5C101D37CF9}.Debug|Any CPU.Build.0 = Debug|Any CPU
		{64B7DCE7-4227-4A0A-851D-E5C101D37CF9}.Release|Any CPU.ActiveCfg = Release|Any CPU
		{64B7DCE7-4227-4A0A-851D-E5C101D37CF9}.Release|Any CPU.Build.0 = Release|Any CPU
	EndGlobalSection
	GlobalSection(SolutionProperties) = preSolution
		HideSolutionNode = FALSE
	EndGlobalSection
	GlobalSection(ExtensibilityGlobals) = postSolution
		SolutionGuid = {B61B701E-02F8-4E7D-92AE-A0E616CBED44}
	EndGlobalSection
EndGlobal
